
Microsoft Visual Studio Solution File, Format Version 12.00
# Visual Studio Version 17
VisualStudioVersion = 17.2.32616.157
MinimumVisualStudioVersion = 10.0.40219.1
Project("{FAE04EC0-301F-11D3-BF4B-00C04F79EFBC}") = "WebApplication1", "WebApplication1\WebApplication1.csproj", "{6E81E272-769E-426A-BEFE-9252D0C01430}"
EndProject
Global
	GlobalSection(SolutionConfigurationPlatforms) = preSolution
		Debug|Any CPU = Debug|Any CPU
		Release|Any CPU = Release|Any CPU
	EndGlobalSection
	GlobalSection(ProjectConfigurationPlatforms) = postSolution
		{6E81E272-769E-426A-BEFE-9252D0C01430}.Debug|Any CPU.ActiveCfg = Debug|Any CPU
		{6E81E272-769E-426A-BEFE-9252D0C01430}.Debug|Any CPU.Build.0 = Debug|Any CPU
		{6E81E272-769E-426A-BEFE-9252D0C01430}.Release|Any CPU.ActiveCfg = Release|Any CPU
		{6E81E272-769E-426A-BEFE-9252D0C01430}.Release|Any CPU.Build.0 = Release|Any CPU
	EndGlobalSection
	GlobalSection(SolutionProperties) = preSolution
		HideSolutionNode = FALSE
	EndGlobalSection
	GlobalSection(ExtensibilityGlobals) = postSolution
		SolutionGuid = {F92E6C9E-2925-44FF-8453-8139A21BDFEC}
	EndGlobalSection
EndGlobal
