
Microsoft Visual Studio Solution File, Format Version 12.00
# Visual Studio Version 17
VisualStudioVersion = 17.2.32616.157
MinimumVisualStudioVersion = 10.0.40219.1
Project("{9A19103F-16F7-4668-BE54-9A1E7A4F7556}") = "IPL_DESIGN", "IPL_DESIGN.csproj", "{6F41CD86-6E18-44BC-A6B8-0BBCFBB7D571}"
EndProject
Global
	GlobalSection(SolutionConfigurationPlatforms) = preSolution
		Debug|Any CPU = Debug|Any CPU
		Release|Any CPU = Release|Any CPU
	EndGlobalSection
	GlobalSection(ProjectConfigurationPlatforms) = postSolution
		{6F41CD86-6E18-44BC-A6B8-0BBCFBB7D571}.Debug|Any CPU.ActiveCfg = Debug|Any CPU
		{6F41CD86-6E18-44BC-A6B8-0BBCFBB7D571}.Debug|Any CPU.Build.0 = Debug|Any CPU
		{6F41CD86-6E18-44BC-A6B8-0BBCFBB7D571}.Release|Any CPU.ActiveCfg = Release|Any CPU
		{6F41CD86-6E18-44BC-A6B8-0BBCFBB7D571}.Release|Any CPU.Build.0 = Release|Any CPU
	EndGlobalSection
	GlobalSection(SolutionProperties) = preSolution
		HideSolutionNode = FALSE
	EndGlobalSection
	GlobalSection(ExtensibilityGlobals) = postSolution
		SolutionGuid = {EB88BEFB-06D6-4FA4-8492-29B4A7F92F60}
	EndGlobalSection
EndGlobal
