
Microsoft Visual Studio Solution File, Format Version 12.00
# Visual Studio Version 17
VisualStudioVersion = 17.2.32616.157
MinimumVisualStudioVersion = 10.0.40219.1
Project("{FAE04EC0-301F-11D3-BF4B-00C04F79EFBC}") = "Homework-8", "Homework-8.csproj", "{1B34BF87-1A94-48BA-8CCE-20A1A04CB454}"
EndProject
Global
	GlobalSection(SolutionConfigurationPlatforms) = preSolution
		Debug|Any CPU = Debug|Any CPU
		Release|Any CPU = Release|Any CPU
	EndGlobalSection
	GlobalSection(ProjectConfigurationPlatforms) = postSolution
		{1B34BF87-1A94-48BA-8CCE-20A1A04CB454}.Debug|Any CPU.ActiveCfg = Debug|Any CPU
		{1B34BF87-1A94-48BA-8CCE-20A1A04CB454}.Debug|Any CPU.Build.0 = Debug|Any CPU
		{1B34BF87-1A94-48BA-8CCE-20A1A04CB454}.Release|Any CPU.ActiveCfg = Release|Any CPU
		{1B34BF87-1A94-48BA-8CCE-20A1A04CB454}.Release|Any CPU.Build.0 = Release|Any CPU
	EndGlobalSection
	GlobalSection(SolutionProperties) = preSolution
		HideSolutionNode = FALSE
	EndGlobalSection
	GlobalSection(ExtensibilityGlobals) = postSolution
		SolutionGuid = {E4E82A3E-0BBD-4698-AEE6-FBE1C6E527DA}
	EndGlobalSection
EndGlobal
